// !$*UTF8*$!
{
	archiveVersion = 1;
	classes = {
	};
	objectVersion = 56;
	objects = {

/* Begin PBXBuildFile section */
		79DF24742B67DE38008F1815 /* RBApp.swift in Sources */ = {isa = PBXBuildFile; fileRef = 79DF24732B67DE38008F1815 /* RBApp.swift */; };
		79DF24762B67DE38008F1815 /* MainView.swift in Sources */ = {isa = PBXBuildFile; fileRef = 79DF24752B67DE38008F1815 /* MainView.swift */; };
		79DF24782B67DE3A008F1815 /* Assets.xcassets in Resources */ = {isa = PBXBuildFile; fileRef = 79DF24772B67DE3A008F1815 /* Assets.xcassets */; };
		79DF247B2B67DE3A008F1815 /* Preview Assets.xcassets in Resources */ = {isa = PBXBuildFile; fileRef = 79DF247A2B67DE3A008F1815 /* Preview Assets.xcassets */; };
		79DF24822B68FFB2008F1815 /* ConstantsApp.swift in Sources */ = {isa = PBXBuildFile; fileRef = 79DF24812B68FFB2008F1815 /* ConstantsApp.swift */; };
		79DF24842B68FFE0008F1815 /* MainViewModel.swift in Sources */ = {isa = PBXBuildFile; fileRef = 79DF24832B68FFE0008F1815 /* MainViewModel.swift */; };
		79DF24862B68FFFA008F1815 /* MarathonBetModel.swift in Sources */ = {isa = PBXBuildFile; fileRef = 79DF24852B68FFFA008F1815 /* MarathonBetModel.swift */; };
		79DF24882B69003D008F1815 /* AverageOddsModel.swift in Sources */ = {isa = PBXBuildFile; fileRef = 79DF24872B69003D008F1815 /* AverageOddsModel.swift */; };
		79DF248A2B6901C3008F1815 /* ResultBet.swift in Sources */ = {isa = PBXBuildFile; fileRef = 79DF24892B6901C3008F1815 /* ResultBet.swift */; };
		79DF24902B690492008F1815 /* CustomСellModifier.swift in Sources */ = {isa = PBXBuildFile; fileRef = 79DF248F2B690492008F1815 /* CustomСellModifier.swift */; };
/* End PBXBuildFile section */

/* Begin PBXFileReference section */
		79DF24702B67DE38008F1815 /* RB.app */ = {isa = PBXFileReference; explicitFileType = wrapper.application; includeInIndex = 0; path = RB.app; sourceTree = BUILT_PRODUCTS_DIR; };
		79DF24732B67DE38008F1815 /* RBApp.swift */ = {isa = PBXFileReference; lastKnownFileType = sourcecode.swift; path = RBApp.swift; sourceTree = "<group>"; };
		79DF24752B67DE38008F1815 /* MainView.swift */ = {isa = PBXFileReference; lastKnownFileType = sourcecode.swift; path = MainView.swift; sourceTree = "<group>"; };
		79DF24772B67DE3A008F1815 /* Assets.xcassets */ = {isa = PBXFileReference; lastKnownFileType = folder.assetcatalog; path = Assets.xcassets; sourceTree = "<group>"; };
		79DF247A2B67DE3A008F1815 /* Preview Assets.xcassets */ = {isa = PBXFileReference; lastKnownFileType = folder.assetcatalog; path = "Preview Assets.xcassets"; sourceTree = "<group>"; };
		79DF24812B68FFB2008F1815 /* ConstantsApp.swift */ = {isa = PBXFileReference; lastKnownFileType = sourcecode.swift; path = ConstantsApp.swift; sourceTree = "<group>"; };
		79DF24832B68FFE0008F1815 /* MainViewModel.swift */ = {isa = PBXFileReference; lastKnownFileType = sourcecode.swift; path = MainViewModel.swift; sourceTree = "<group>"; };
		79DF24852B68FFFA008F1815 /* MarathonBetModel.swift */ = {isa = PBXFileReference; lastKnownFileType = sourcecode.swift; path = MarathonBetModel.swift; sourceTree = "<group>"; };
		79DF24872B69003D008F1815 /* AverageOddsModel.swift */ = {isa = PBXFileReference; lastKnownFileType = sourcecode.swift; path = AverageOddsModel.swift; sourceTree = "<group>"; };
		79DF24892B6901C3008F1815 /* ResultBet.swift */ = {isa = PBXFileReference; lastKnownFileType = sourcecode.swift; path = ResultBet.swift; sourceTree = "<group>"; };
		79DF248F2B690492008F1815 /* CustomСellModifier.swift */ = {isa = PBXFileReference; lastKnownFileType = sourcecode.swift; path = "CustomСellModifier.swift"; sourceTree = "<group>"; };
/* End PBXFileReference section */

/* Begin PBXFrameworksBuildPhase section */
		79DF246D2B67DE38008F1815 /* Frameworks */ = {
			isa = PBXFrameworksBuildPhase;
			buildActionMask = 2147483647;
			files = (
			);
			runOnlyForDeploymentPostprocessing = 0;
		};
/* End PBXFrameworksBuildPhase section */

/* Begin PBXGroup section */
		79DF24672B67DE37008F1815 = {
			isa = PBXGroup;
			children = (
				79DF24722B67DE38008F1815 /* RB */,
				79DF24712B67DE38008F1815 /* Products */,
			);
			sourceTree = "<group>";
		};
		79DF24712B67DE38008F1815 /* Products */ = {
			isa = PBXGroup;
			children = (
				79DF24702B67DE38008F1815 /* RB.app */,
			);
			name = Products;
			sourceTree = "<group>";
		};
		79DF24722B67DE38008F1815 /* RB */ = {
			isa = PBXGroup;
			children = (
				79DF24732B67DE38008F1815 /* RBApp.swift */,
				79DF248E2B690216008F1815 /* View */,
				79DF248C2B6901FA008F1815 /* Model */,
				79DF248D2B690208008F1815 /* ViewModel */,
				79DF248B2B6901D9008F1815 /* Helpers */,
				79DF24772B67DE3A008F1815 /* Assets.xcassets */,
				79DF24792B67DE3A008F1815 /* Preview Content */,
			);
			path = RB;
			sourceTree = "<group>";
		};
		79DF24792B67DE3A008F1815 /* Preview Content */ = {
			isa = PBXGroup;
			children = (
				79DF247A2B67DE3A008F1815 /* Preview Assets.xcassets */,
			);
			path = "Preview Content";
			sourceTree = "<group>";
		};
		79DF248B2B6901D9008F1815 /* Helpers */ = {
			isa = PBXGroup;
			children = (
				79DF24812B68FFB2008F1815 /* ConstantsApp.swift */,
				79DF24892B6901C3008F1815 /* ResultBet.swift */,
				79DF248F2B690492008F1815 /* CustomСellModifier.swift */,
			);
			path = Helpers;
			sourceTree = "<group>";
		};
		79DF248C2B6901FA008F1815 /* Model */ = {
			isa = PBXGroup;
			children = (
				79DF24872B69003D008F1815 /* AverageOddsModel.swift */,
				79DF24852B68FFFA008F1815 /* MarathonBetModel.swift */,
			);
			path = Model;
			sourceTree = "<group>";
		};
		79DF248D2B690208008F1815 /* ViewModel */ = {
			isa = PBXGroup;
			children = (
				79DF24832B68FFE0008F1815 /* MainViewModel.swift */,
			);
			path = ViewModel;
			sourceTree = "<group>";
		};
		79DF248E2B690216008F1815 /* View */ = {
			isa = PBXGroup;
			children = (
				79DF24752B67DE38008F1815 /* MainView.swift */,
			);
			path = View;
			sourceTree = "<group>";
		};
/* End PBXGroup section */

/* Begin PBXNativeTarget section */
		79DF246F2B67DE38008F1815 /* RB */ = {
			isa = PBXNativeTarget;
			buildConfigurationList = 79DF247E2B67DE3A008F1815 /* Build configuration list for PBXNativeTarget "RB" */;
			buildPhases = (
				79DF246C2B67DE38008F1815 /* Sources */,
				79DF246D2B67DE38008F1815 /* Frameworks */,
				79DF246E2B67DE38008F1815 /* Resources */,
			);
			buildRules = (
			);
			dependencies = (
			);
			name = RB;
			productName = RB;
			productReference = 79DF24702B67DE38008F1815 /* RB.app */;
			productType = "com.apple.product-type.application";
		};
/* End PBXNativeTarget section */

/* Begin PBXProject section */
		79DF24682B67DE37008F1815 /* Project object */ = {
			isa = PBXProject;
			attributes = {
				BuildIndependentTargetsInParallel = 1;
				LastSwiftUpdateCheck = 1500;
				LastUpgradeCheck = 1500;
				TargetAttributes = {
					79DF246F2B67DE38008F1815 = {
						CreatedOnToolsVersion = 15.0.1;
					};
				};
			};
			buildConfigurationList = 79DF246B2B67DE37008F1815 /* Build configuration list for PBXProject "RB" */;
			compatibilityVersion = "Xcode 14.0";
			developmentRegion = en;
			hasScannedForEncodings = 0;
			knownRegions = (
				en,
				Base,
			);
			mainGroup = 79DF24672B67DE37008F1815;
			productRefGroup = 79DF24712B67DE38008F1815 /* Products */;
			projectDirPath = "";
			projectRoot = "";
			targets = (
				79DF246F2B67DE38008F1815 /* RB */,
			);
		};
/* End PBXProject section */

/* Begin PBXResourcesBuildPhase section */
		79DF246E2B67DE38008F1815 /* Resources */ = {
			isa = PBXResourcesBuildPhase;
			buildActionMask = 2147483647;
			files = (
				79DF247B2B67DE3A008F1815 /* Preview Assets.xcassets in Resources */,
				79DF24782B67DE3A008F1815 /* Assets.xcassets in Resources */,
			);
			runOnlyForDeploymentPostprocessing = 0;
		};
/* End PBXResourcesBuildPhase section */

/* Begin PBXSourcesBuildPhase section */
		79DF246C2B67DE38008F1815 /* Sources */ = {
			isa = PBXSourcesBuildPhase;
			buildActionMask = 2147483647;
			files = (
				79DF24762B67DE38008F1815 /* MainView.swift in Sources */,
				79DF24882B69003D008F1815 /* AverageOddsModel.swift in Sources */,
				79DF248A2B6901C3008F1815 /* ResultBet.swift in Sources */,
				79DF24822B68FFB2008F1815 /* ConstantsApp.swift in Sources */,
				79DF24902B690492008F1815 /* CustomСellModifier.swift in Sources */,
				79DF24742B67DE38008F1815 /* RBApp.swift in Sources */,
				79DF24862B68FFFA008F1815 /* MarathonBetModel.swift in Sources */,
				79DF24842B68FFE0008F1815 /* MainViewModel.swift in Sources */,
			);
			runOnlyForDeploymentPostprocessing = 0;
		};
/* End PBXSourcesBuildPhase section */

/* Begin XCBuildConfiguration section */
		79DF247C2B67DE3A008F1815 /* Debug */ = {
			isa = XCBuildConfiguration;
			buildSettings = {
				ALWAYS_SEARCH_USER_PATHS = NO;
				ASSETCATALOG_COMPILER_GENERATE_SWIFT_ASSET_SYMBOL_EXTENSIONS = YES;
				CLANG_ANALYZER_NONNULL = YES;
				CLANG_ANALYZER_NUMBER_OBJECT_CONVERSION = YES_AGGRESSIVE;
				CLANG_CXX_LANGUAGE_STANDARD = "gnu++20";
				CLANG_ENABLE_MODULES = YES;
				CLANG_ENABLE_OBJC_ARC = YES;
				CLANG_ENABLE_OBJC_WEAK = YES;
				CLANG_WARN_BLOCK_CAPTURE_AUTORELEASING = YES;
				CLANG_WARN_BOOL_CONVERSION = YES;
				CLANG_WARN_COMMA = YES;
				CLANG_WARN_CONSTANT_CONVERSION = YES;
				CLANG_WARN_DEPRECATED_OBJC_IMPLEMENTATIONS = YES;
				CLANG_WARN_DIRECT_OBJC_ISA_USAGE = YES_ERROR;
				CLANG_WARN_DOCUMENTATION_COMMENTS = YES;
				CLANG_WARN_EMPTY_BODY = YES;
				CLANG_WARN_ENUM_CONVERSION = YES;
				CLANG_WARN_INFINITE_RECURSION = YES;
				CLANG_WARN_INT_CONVERSION = YES;
				CLANG_WARN_NON_LITERAL_NULL_CONVERSION = YES;
				CLANG_WARN_OBJC_IMPLICIT_RETAIN_SELF = YES;
				CLANG_WARN_OBJC_LITERAL_CONVERSION = YES;
				CLANG_WARN_OBJC_ROOT_CLASS = YES_ERROR;
				CLANG_WARN_QUOTED_INCLUDE_IN_FRAMEWORK_HEADER = YES;
				CLANG_WARN_RANGE_LOOP_ANALYSIS = YES;
				CLANG_WARN_STRICT_PROTOTYPES = YES;
				CLANG_WARN_SUSPICIOUS_MOVE = YES;
				CLANG_WARN_UNGUARDED_AVAILABILITY = YES_AGGRESSIVE;
				CLANG_WARN_UNREACHABLE_CODE = YES;
				CLANG_WARN__DUPLICATE_METHOD_MATCH = YES;
				COPY_PHASE_STRIP = NO;
				DEBUG_INFORMATION_FORMAT = dwarf;
				ENABLE_STRICT_OBJC_MSGSEND = YES;
				ENABLE_TESTABILITY = YES;
				ENABLE_USER_SCRIPT_SANDBOXING = YES;
				GCC_C_LANGUAGE_STANDARD = gnu17;
				GCC_DYNAMIC_NO_PIC = NO;
				GCC_NO_COMMON_BLOCKS = YES;
				GCC_OPTIMIZATION_LEVEL = 0;
				GCC_PREPROCESSOR_DEFINITIONS = (
					"DEBUG=1",
					"$(inherited)",
				);
				GCC_WARN_64_TO_32_BIT_CONVERSION = YES;
				GCC_WARN_ABOUT_RETURN_TYPE = YES_ERROR;
				GCC_WARN_UNDECLARED_SELECTOR = YES;
				GCC_WARN_UNINITIALIZED_AUTOS = YES_AGGRESSIVE;
				GCC_WARN_UNUSED_FUNCTION = YES;
				GCC_WARN_UNUSED_VARIABLE = YES;
				IPHONEOS_DEPLOYMENT_TARGET = 17.0;
				LOCALIZATION_PREFERS_STRING_CATALOGS = YES;
				MTL_ENABLE_DEBUG_INFO = INCLUDE_SOURCE;
				MTL_FAST_MATH = YES;
				ONLY_ACTIVE_ARCH = YES;
				SDKROOT = iphoneos;
				SWIFT_ACTIVE_COMPILATION_CONDITIONS = "DEBUG $(inherited)";
				SWIFT_OPTIMIZATION_LEVEL = "-Onone";
			};
			name = Debug;
		};
		79DF247D2B67DE3A008F1815 /* Release */ = {
			isa = XCBuildConfiguration;
			buildSettings = {
				ALWAYS_SEARCH_USER_PATHS = NO;
				ASSETCATALOG_COMPILER_GENERATE_SWIFT_ASSET_SYMBOL_EXTENSIONS = YES;
				CLANG_ANALYZER_NONNULL = YES;
				CLANG_ANALYZER_NUMBER_OBJECT_CONVERSION = YES_AGGRESSIVE;
				CLANG_CXX_LANGUAGE_STANDARD = "gnu++20";
				CLANG_ENABLE_MODULES = YES;
				CLANG_ENABLE_OBJC_ARC = YES;
				CLANG_ENABLE_OBJC_WEAK = YES;
				CLANG_WARN_BLOCK_CAPTURE_AUTORELEASING = YES;
				CLANG_WARN_BOOL_CONVERSION = YES;
				CLANG_WARN_COMMA = YES;
				CLANG_WARN_CONSTANT_CONVERSION = YES;
				CLANG_WARN_DEPRECATED_OBJC_IMPLEMENTATIONS = YES;
				CLANG_WARN_DIRECT_OBJC_ISA_USAGE = YES_ERROR;
				CLANG_WARN_DOCUMENTATION_COMMENTS = YES;
				CLANG_WARN_EMPTY_BODY = YES;
				CLANG_WARN_ENUM_CONVERSION = YES;
				CLANG_WARN_INFINITE_RECURSION = YES;
				CLANG_WARN_INT_CONVERSION = YES;
				CLANG_WARN_NON_LITERAL_NULL_CONVERSION = YES;
				CLANG_WARN_OBJC_IMPLICIT_RETAIN_SELF = YES;
				CLANG_WARN_OBJC_LITERAL_CONVERSION = YES;
				CLANG_WARN_OBJC_ROOT_CLASS = YES_ERROR;
				CLANG_WARN_QUOTED_INCLUDE_IN_FRAMEWORK_HEADER = YES;
				CLANG_WARN_RANGE_LOOP_ANALYSIS = YES;
				CLANG_WARN_STRICT_PROTOTYPES = YES;
				CLANG_WARN_SUSPICIOUS_MOVE = YES;
				CLANG_WARN_UNGUARDED_AVAILABILITY = YES_AGGRESSIVE;
				CLANG_WARN_UNREACHABLE_CODE = YES;
				CLANG_WARN__DUPLICATE_METHOD_MATCH = YES;
				COPY_PHASE_STRIP = NO;
				DEBUG_INFORMATION_FORMAT = "dwarf-with-dsym";
				ENABLE_NS_ASSERTIONS = NO;
				ENABLE_STRICT_OBJC_MSGSEND = YES;
				ENABLE_USER_SCRIPT_SANDBOXING = YES;
				GCC_C_LANGUAGE_STANDARD = gnu17;
				GCC_NO_COMMON_BLOCKS = YES;
				GCC_WARN_64_TO_32_BIT_CONVERSION = YES;
				GCC_WARN_ABOUT_RETURN_TYPE = YES_ERROR;
				GCC_WARN_UNDECLARED_SELECTOR = YES;
				GCC_WARN_UNINITIALIZED_AUTOS = YES_AGGRESSIVE;
				GCC_WARN_UNUSED_FUNCTION = YES;
				GCC_WARN_UNUSED_VARIABLE = YES;
				IPHONEOS_DEPLOYMENT_TARGET = 17.0;
				LOCALIZATION_PREFERS_STRING_CATALOGS = YES;
				MTL_ENABLE_DEBUG_INFO = NO;
				MTL_FAST_MATH = YES;
				SDKROOT = iphoneos;
				SWIFT_COMPILATION_MODE = wholemodule;
				VALIDATE_PRODUCT = YES;
			};
			name = Release;
		};
		79DF247F2B67DE3A008F1815 /* Debug */ = {
			isa = XCBuildConfiguration;
			buildSettings = {
				ASSETCATALOG_COMPILER_APPICON_NAME = AppIcon;
				ASSETCATALOG_COMPILER_GLOBAL_ACCENT_COLOR_NAME = AccentColor;
				CODE_SIGN_STYLE = Automatic;
				CURRENT_PROJECT_VERSION = 1;
				DEVELOPMENT_ASSET_PATHS = "\"RB/Preview Content\"";
				DEVELOPMENT_TEAM = 5HDJ6MMFHG;
				ENABLE_PREVIEWS = YES;
				GENERATE_INFOPLIST_FILE = YES;
				INFOPLIST_KEY_UIApplicationSceneManifest_Generation = YES;
				INFOPLIST_KEY_UIApplicationSupportsIndirectInputEvents = YES;
				INFOPLIST_KEY_UILaunchScreen_Generation = YES;
				INFOPLIST_KEY_UISupportedInterfaceOrientations_iPad = "UIInterfaceOrientationPortrait UIInterfaceOrientationPortraitUpsideDown UIInterfaceOrientationLandscapeLeft UIInterfaceOrientationLandscapeRight";
				INFOPLIST_KEY_UISupportedInterfaceOrientations_iPhone = "UIInterfaceOrientationPortrait UIInterfaceOrientationLandscapeLeft UIInterfaceOrientationLandscapeRight";
				LD_RUNPATH_SEARCH_PATHS = (
					"$(inherited)",
					"@executable_path/Frameworks",
				);
				MARKETING_VERSION = 1.0;
				PRODUCT_BUNDLE_IDENTIFIER = team.RB;
				PRODUCT_NAME = "$(TARGET_NAME)";
				SWIFT_EMIT_LOC_STRINGS = YES;
				SWIFT_VERSION = 5.0;
				TARGETED_DEVICE_FAMILY = "1,2";
			};
			name = Debug;
		};
		79DF24802B67DE3A008F1815 /* Release */ = {
			isa = XCBuildConfiguration;
			buildSettings = {
				ASSETCATALOG_COMPILER_APPICON_NAME = AppIcon;
				ASSETCATALOG_COMPILER_GLOBAL_ACCENT_COLOR_NAME = AccentColor;
				CODE_SIGN_STYLE = Automatic;
				CURRENT_PROJECT_VERSION = 1;
				DEVELOPMENT_ASSET_PATHS = "\"RB/Preview Content\"";
				DEVELOPMENT_TEAM = 5HDJ6MMFHG;
				ENABLE_PREVIEWS = YES;
				GENERATE_INFOPLIST_FILE = YES;
				INFOPLIST_KEY_UIApplicationSceneManifest_Generation = YES;
				INFOPLIST_KEY_UIApplicationSupportsIndirectInputEvents = YES;
				INFOPLIST_KEY_UILaunchScreen_Generation = YES;
				INFOPLIST_KEY_UISupportedInterfaceOrientations_iPad = "UIInterfaceOrientationPortrait UIInterfaceOrientationPortraitUpsideDown UIInterfaceOrientationLandscapeLeft UIInterfaceOrientationLandscapeRight";
				INFOPLIST_KEY_UISupportedInterfaceOrientations_iPhone = "UIInterfaceOrientationPortrait UIInterfaceOrientationLandscapeLeft UIInterfaceOrientationLandscapeRight";
				LD_RUNPATH_SEARCH_PATHS = (
					"$(inherited)",
					"@executable_path/Frameworks",
				);
				MARKETING_VERSION = 1.0;
				PRODUCT_BUNDLE_IDENTIFIER = team.RB;
				PRODUCT_NAME = "$(TARGET_NAME)";
				SWIFT_EMIT_LOC_STRINGS = YES;
				SWIFT_VERSION = 5.0;
				TARGETED_DEVICE_FAMILY = "1,2";
			};
			name = Release;
		};
/* End XCBuildConfiguration section */

/* Begin XCConfigurationList section */
		79DF246B2B67DE37008F1815 /* Build configuration list for PBXProject "RB" */ = {
			isa = XCConfigurationList;
			buildConfigurations = (
				79DF247C2B67DE3A008F1815 /* Debug */,
				79DF247D2B67DE3A008F1815 /* Release */,
			);
			defaultConfigurationIsVisible = 0;
			defaultConfigurationName = Release;
		};
		79DF247E2B67DE3A008F1815 /* Build configuration list for PBXNativeTarget "RB" */ = {
			isa = XCConfigurationList;
			buildConfigurations = (
				79DF247F2B67DE3A008F1815 /* Debug */,
				79DF24802B67DE3A008F1815 /* Release */,
			);
			defaultConfigurationIsVisible = 0;
			defaultConfigurationName = Release;
		};
/* End XCConfigurationList section */
	};
	rootObject = 79DF24682B67DE37008F1815 /* Project object */;
}
